
Microsoft Visual Studio Solution File, Format Version 12.00
# Visual Studio Version 16
VisualStudioVersion = 16.0.29102.190
MinimumVisualStudioVersion = 10.0.40219.1
Project("{9A19103F-16F7-4668-BE54-9A1E7A4F7556}") = "EF.Auditor", "EF.Auditor\EF.Auditor.csproj", "{8C6F42F7-4EBF-45F5-B2E9-B976F08B8B06}"
EndProject
Project("{9A19103F-16F7-4668-BE54-9A1E7A4F7556}") = "EF.Auditor.Tests", "EF.Auditor.Tests\EF.Auditor.Tests.csproj", "{EF3ECEFC-7B36-4C8A-8D95-FFBA0EB01123}"
EndProject
Project("{2150E333-8FDC-42A3-9474-1A3956D46DE8}") = "Solution Items", "Solution Items", "{23A5DF99-819F-44BF-9280-E2A6C7CD6F93}"
	ProjectSection(SolutionItems) = preProject
		azure-pipelines.yml = azure-pipelines.yml
	EndProjectSection
EndProject
Global
	GlobalSection(SolutionConfigurationPlatforms) = preSolution
		Debug|Any CPU = Debug|Any CPU
		Release|Any CPU = Release|Any CPU
	EndGlobalSection
	GlobalSection(ProjectConfigurationPlatforms) = postSolution
		{8C6F42F7-4EBF-45F5-B2E9-B976F08B8B06}.Debug|Any CPU.ActiveCfg = Debug|Any CPU
		{8C6F42F7-4EBF-45F5-B2E9-B976F08B8B06}.Debug|Any CPU.Build.0 = Debug|Any CPU
		{8C6F42F7-4EBF-45F5-B2E9-B976F08B8B06}.Release|Any CPU.ActiveCfg = Release|Any CPU
		{8C6F42F7-4EBF-45F5-B2E9-B976F08B8B06}.Release|Any CPU.Build.0 = Release|Any CPU
		{EF3ECEFC-7B36-4C8A-8D95-FFBA0EB01123}.Debug|Any CPU.ActiveCfg = Debug|Any CPU
		{EF3ECEFC-7B36-4C8A-8D95-FFBA0EB01123}.Debug|Any CPU.Build.0 = Debug|Any CPU
		{EF3ECEFC-7B36-4C8A-8D95-FFBA0EB01123}.Release|Any CPU.ActiveCfg = Release|Any CPU
		{EF3ECEFC-7B36-4C8A-8D95-FFBA0EB01123}.Release|Any CPU.Build.0 = Release|Any CPU
	EndGlobalSection
	GlobalSection(SolutionProperties) = preSolution
		HideSolutionNode = FALSE
	EndGlobalSection
	GlobalSection(ExtensibilityGlobals) = postSolution
		SolutionGuid = {3225DB23-E8BB-484E-911F-C4965CB21482}
	EndGlobalSection
EndGlobal
